{
  "pins" : [
    {
      "identity" : "agorainfra_macos",
      "kind" : "remoteSourceControl",
      "location" : "https://github.com/AgoraIO/AgoraInfra_macOS.git",
      "state" : {
        "revision" : "4c2677a95813582312227fe09923b5a07070924b",
        "version" : "1.3.16"
      }
    },
    {
      "identity" : "agorartcengine_macos",
      "kind" : "remoteSourceControl",
      "location" : "https://github.com/AgoraIO/AgoraRtcEngine_macOS.git",
      "state" : {
        "revision" : "7f82061cb6fd5d975c4f75ffb9e22cf0bbe6fdaf",
        "version" : "4.6.2"
      }
    }
  ],
  "version" : 2
}
