PODS:
  - FlutterMacOS (1.0.0)
  - tencent_rtc_sdk (10.4):
    - FlutterMacOS
    - TXLiteAVSDK_TRTC_Mac (= 13.5.21355)
  - TXLiteAVSDK_TRTC_Mac (13.5.21355)

DEPENDENCIES:
  - FlutterMacOS (from `Flutter/ephemeral`)
  - tencent_rtc_sdk (from `Flutter/ephemeral/.symlinks/plugins/tencent_rtc_sdk/macos`)

SPEC REPOS:
  trunk:
    - TXLiteAVSDK_TRTC_Mac

EXTERNAL SOURCES:
  FlutterMacOS:
    :path: Flutter/ephemeral
  tencent_rtc_sdk:
    :path: Flutter/ephemeral/.symlinks/plugins/tencent_rtc_sdk/macos

SPEC CHECKSUMS:
  FlutterMacOS: c232990155153907050900a2e175c7773903ba4e
  tencent_rtc_sdk: 6aff0457a5c1c2e41ecd888ac1e596930dfa8ce9
  TXLiteAVSDK_TRTC_Mac: 160091f27024611ec1bfea8bc1cc6855b1572c97

PODFILE CHECKSUM: f0c21717cb7ee9112f915044c74bfceb5b12e02a

COCOAPODS: 1.16.2
