PODS:
  - agora_rtc_engine (0.0.1):
    - AgoraIrisRTC_macOS (= 4.6.4-build.4)
    - AgoraRtcEngine_macOS_Preview (= 4.6.4-build.3)
    - FlutterMacOS
  - AgoraIrisRTC_macOS (4.6.4-build.4)
  - AgoraRtcEngine_macOS_Preview (4.6.4-build.3)
  - connectivity_plus (0.0.1):
    - FlutterMacOS
  - device_info_plus (0.0.1):
    - FlutterMacOS
  - flutter_webrtc (1.6.2):
    - FlutterMacOS
    - WebRTC-SDK (= 150.7871.01)
  - FlutterMacOS (1.0.0)
  - iris_method_channel (0.0.1):
    - FlutterMacOS
  - livekit_client (2.13.0):
    - flutter_webrtc
    - FlutterMacOS
    - WebRTC-SDK (= 150.7871.01)
  - shared_preferences_foundation (0.0.1):
    - Flutter
    - FlutterMacOS
  - tencent_rtc_sdk (10.4):
    - FlutterMacOS
    - TXLiteAVSDK_TRTC_Mac (= 13.5.21355)
  - TXLiteAVSDK_TRTC_Mac (13.5.21355)
  - WebRTC-SDK (150.7871.01)

DEPENDENCIES:
  - agora_rtc_engine (from `Flutter/ephemeral/.symlinks/plugins/agora_rtc_engine/macos`)
  - connectivity_plus (from `Flutter/ephemeral/.symlinks/plugins/connectivity_plus/macos`)
  - device_info_plus (from `Flutter/ephemeral/.symlinks/plugins/device_info_plus/macos`)
  - flutter_webrtc (from `Flutter/ephemeral/.symlinks/plugins/flutter_webrtc/macos`)
  - FlutterMacOS (from `Flutter/ephemeral`)
  - iris_method_channel (from `Flutter/ephemeral/.symlinks/plugins/iris_method_channel/macos`)
  - livekit_client (from `Flutter/ephemeral/.symlinks/plugins/livekit_client/macos`)
  - shared_preferences_foundation (from `Flutter/ephemeral/.symlinks/plugins/shared_preferences_foundation/darwin`)
  - tencent_rtc_sdk (from `Flutter/ephemeral/.symlinks/plugins/tencent_rtc_sdk/macos`)

SPEC REPOS:
  trunk:
    - AgoraIrisRTC_macOS
    - AgoraRtcEngine_macOS_Preview
    - TXLiteAVSDK_TRTC_Mac
    - WebRTC-SDK

EXTERNAL SOURCES:
  agora_rtc_engine:
    :path: Flutter/ephemeral/.symlinks/plugins/agora_rtc_engine/macos
  connectivity_plus:
    :path: Flutter/ephemeral/.symlinks/plugins/connectivity_plus/macos
  device_info_plus:
    :path: Flutter/ephemeral/.symlinks/plugins/device_info_plus/macos
  flutter_webrtc:
    :path: Flutter/ephemeral/.symlinks/plugins/flutter_webrtc/macos
  FlutterMacOS:
    :path: Flutter/ephemeral
  iris_method_channel:
    :path: Flutter/ephemeral/.symlinks/plugins/iris_method_channel/macos
  livekit_client:
    :path: Flutter/ephemeral/.symlinks/plugins/livekit_client/macos
  shared_preferences_foundation:
    :path: Flutter/ephemeral/.symlinks/plugins/shared_preferences_foundation/darwin
  tencent_rtc_sdk:
    :path: Flutter/ephemeral/.symlinks/plugins/tencent_rtc_sdk/macos

SPEC CHECKSUMS:
  agora_rtc_engine: ce05befeeade1b2bd440750319e99132894ffe5f
  AgoraIrisRTC_macOS: 891384a604af9bd26239f3a86f96c66938e29f42
  AgoraRtcEngine_macOS_Preview: e2e7d060c972b9c0b261aee578b8b53a5199020a
  connectivity_plus: 4adf20a405e25b42b9c9f87feff8f4b6fde18a4e
  device_info_plus: 4fb280989f669696856f8b129e4a5e3cd6c48f76
  flutter_webrtc: af708ba091a5d71e101f9f631a9f96c107581a3d
  FlutterMacOS: c232990155153907050900a2e175c7773903ba4e
  iris_method_channel: 06ef372f01b31866748a3c45da2c89c93b666daa
  livekit_client: a6026d572e01431fd06d6ccd6f44eaf4b72dec4b
  shared_preferences_foundation: 7036424c3d8ec98dfe75ff1667cb0cd531ec82bb
  tencent_rtc_sdk: 6aff0457a5c1c2e41ecd888ac1e596930dfa8ce9
  TXLiteAVSDK_TRTC_Mac: 160091f27024611ec1bfea8bc1cc6855b1572c97
  WebRTC-SDK: 7dc931c64c00c735a614382f1a59cf65019c3c17

PODFILE CHECKSUM: f0c21717cb7ee9112f915044c74bfceb5b12e02a

COCOAPODS: 1.16.2
